// !$*UTF8*$!
{
	archiveVersion = 1;
	classes = {
	};
	objectVersion = 56;
	objects = {

/* Begin PBXBuildFile section */
		40A4C2A22BBBE1CD0035D2F4 /* XetaAnalyticsAssignmentApp.swift in Sources */ = {isa = PBXBuildFile; fileRef = 40A4C2A12BBBE1CD0035D2F4 /* XetaAnalyticsAssignmentApp.swift */; };
		40A4C2A42BBBE1CD0035D2F4 /* ContentView.swift in Sources */ = {isa = PBXBuildFile; fileRef = 40A4C2A32BBBE1CD0035D2F4 /* ContentView.swift */; };
		40A4C2A62BBBE1CE0035D2F4 /* Assets.xcassets in Resources */ = {isa = PBXBuildFile; fileRef = 40A4C2A52BBBE1CE0035D2F4 /* Assets.xcassets */; };
		40A4C2A92BBBE1CE0035D2F4 /* Preview Assets.xcassets in Resources */ = {isa = PBXBuildFile; fileRef = 40A4C2A82BBBE1CE0035D2F4 /* Preview Assets.xcassets */; };
		40A4C2B22BBBE2D50035D2F4 /* HomeVIew.swift in Sources */ = {isa = PBXBuildFile; fileRef = 40A4C2B12BBBE2D50035D2F4 /* HomeVIew.swift */; };
		40A4C2B42BBBE80E0035D2F4 /* ActivityView.swift in Sources */ = {isa = PBXBuildFile; fileRef = 40A4C2B32BBBE80E0035D2F4 /* ActivityView.swift */; };
		40A4C2B62BBBFFD40035D2F4 /* Nav.swift in Sources */ = {isa = PBXBuildFile; fileRef = 40A4C2B52BBBFFD40035D2F4 /* Nav.swift */; };
		40A4C2B82BBC7A980035D2F4 /* HomeManager.swift in Sources */ = {isa = PBXBuildFile; fileRef = 40A4C2B72BBC7A980035D2F4 /* HomeManager.swift */; };
		40C595A42BBC959C00689AE9 /* FoodInfoView.swift in Sources */ = {isa = PBXBuildFile; fileRef = 40C595A32BBC959C00689AE9 /* FoodInfoView.swift */; };
		40C595A62BBC95AB00689AE9 /* FoodInfoManager.swift in Sources */ = {isa = PBXBuildFile; fileRef = 40C595A52BBC95AB00689AE9 /* FoodInfoManager.swift */; };
		40C595A92BBCD83600689AE9 /* FoodInfoModel.swift in Sources */ = {isa = PBXBuildFile; fileRef = 40C595A82BBCD83600689AE9 /* FoodInfoModel.swift */; };
		40C595B02BBCD91900689AE9 /* HomeModel.swift in Sources */ = {isa = PBXBuildFile; fileRef = 40C595AF2BBCD91900689AE9 /* HomeModel.swift */; };
/* End PBXBuildFile section */

/* Begin PBXFileReference section */
		40A4C29E2BBBE1CD0035D2F4 /* XetaAnalyticsAssignment.app */ = {isa = PBXFileReference; explicitFileType = wrapper.application; includeInIndex = 0; path = XetaAnalyticsAssignment.app; sourceTree = BUILT_PRODUCTS_DIR; };
		40A4C2A12BBBE1CD0035D2F4 /* XetaAnalyticsAssignmentApp.swift */ = {isa = PBXFileReference; lastKnownFileType = sourcecode.swift; path = XetaAnalyticsAssignmentApp.swift; sourceTree = "<group>"; };
		40A4C2A32BBBE1CD0035D2F4 /* ContentView.swift */ = {isa = PBXFileReference; lastKnownFileType = sourcecode.swift; path = ContentView.swift; sourceTree = "<group>"; };
		40A4C2A52BBBE1CE0035D2F4 /* Assets.xcassets */ = {isa = PBXFileReference; lastKnownFileType = folder.assetcatalog; path = Assets.xcassets; sourceTree = "<group>"; };
		40A4C2A82BBBE1CE0035D2F4 /* Preview Assets.xcassets */ = {isa = PBXFileReference; lastKnownFileType = folder.assetcatalog; path = "Preview Assets.xcassets"; sourceTree = "<group>"; };
		40A4C2B12BBBE2D50035D2F4 /* HomeVIew.swift */ = {isa = PBXFileReference; lastKnownFileType = sourcecode.swift; path = HomeVIew.swift; sourceTree = "<group>"; };
		40A4C2B32BBBE80E0035D2F4 /* ActivityView.swift */ = {isa = PBXFileReference; lastKnownFileType = sourcecode.swift; path = ActivityView.swift; sourceTree = "<group>"; };
		40A4C2B52BBBFFD40035D2F4 /* Nav.swift */ = {isa = PBXFileReference; lastKnownFileType = sourcecode.swift; path = Nav.swift; sourceTree = "<group>"; };
		40A4C2B72BBC7A980035D2F4 /* HomeManager.swift */ = {isa = PBXFileReference; lastKnownFileType = sourcecode.swift; path = HomeManager.swift; sourceTree = "<group>"; };
		40A4C2B92BBC859B0035D2F4 /* Info.plist */ = {isa = PBXFileReference; lastKnownFileType = text.plist; path = Info.plist; sourceTree = "<group>"; };
		40C595A32BBC959C00689AE9 /* FoodInfoView.swift */ = {isa = PBXFileReference; lastKnownFileType = sourcecode.swift; path = FoodInfoView.swift; sourceTree = "<group>"; };
		40C595A52BBC95AB00689AE9 /* FoodInfoManager.swift */ = {isa = PBXFileReference; lastKnownFileType = sourcecode.swift; path = FoodInfoManager.swift; sourceTree = "<group>"; };
		40C595A82BBCD83600689AE9 /* FoodInfoModel.swift */ = {isa = PBXFileReference; lastKnownFileType = sourcecode.swift; path = FoodInfoModel.swift; sourceTree = "<group>"; };
		40C595AF2BBCD91900689AE9 /* HomeModel.swift */ = {isa = PBXFileReference; lastKnownFileType = sourcecode.swift; path = HomeModel.swift; sourceTree = "<group>"; };
/* End PBXFileReference section */

/* Begin PBXFrameworksBuildPhase section */
		40A4C29B2BBBE1CD0035D2F4 /* Frameworks */ = {
			isa = PBXFrameworksBuildPhase;
			buildActionMask = 2147483647;
			files = (
			);
			runOnlyForDeploymentPostprocessing = 0;
		};
/* End PBXFrameworksBuildPhase section */

/* Begin PBXGroup section */
		40A4C2952BBBE1CD0035D2F4 = {
			isa = PBXGroup;
			children = (
				40A4C2A02BBBE1CD0035D2F4 /* XetaAnalyticsAssignment */,
				40A4C29F2BBBE1CD0035D2F4 /* Products */,
			);
			sourceTree = "<group>";
		};
		40A4C29F2BBBE1CD0035D2F4 /* Products */ = {
			isa = PBXGroup;
			children = (
				40A4C29E2BBBE1CD0035D2F4 /* XetaAnalyticsAssignment.app */,
			);
			name = Products;
			sourceTree = "<group>";
		};
		40A4C2A02BBBE1CD0035D2F4 /* XetaAnalyticsAssignment */ = {
			isa = PBXGroup;
			children = (
				40A4C2B92BBC859B0035D2F4 /* Info.plist */,
				40A4C2A12BBBE1CD0035D2F4 /* XetaAnalyticsAssignmentApp.swift */,
				40A4C2A32BBBE1CD0035D2F4 /* ContentView.swift */,
				40C595A22BBC956D00689AE9 /* FoodInfo */,
				40C595A02BBC953A00689AE9 /* Home */,
				40A4C2A52BBBE1CE0035D2F4 /* Assets.xcassets */,
				40A4C2A72BBBE1CE0035D2F4 /* Preview Content */,
			);
			path = XetaAnalyticsAssignment;
			sourceTree = "<group>";
		};
		40A4C2A72BBBE1CE0035D2F4 /* Preview Content */ = {
			isa = PBXGroup;
			children = (
				40A4C2A82BBBE1CE0035D2F4 /* Preview Assets.xcassets */,
			);
			path = "Preview Content";
			sourceTree = "<group>";
		};
		40C595A02BBC953A00689AE9 /* Home */ = {
			isa = PBXGroup;
			children = (
				40C595AC2BBCD8D900689AE9 /* Model */,
				40C595AD2BBCD8E000689AE9 /* View */,
				40C595AE2BBCD8E500689AE9 /* Controller */,
			);
			path = Home;
			sourceTree = "<group>";
		};
		40C595A22BBC956D00689AE9 /* FoodInfo */ = {
			isa = PBXGroup;
			children = (
				40C595A72BBCD80C00689AE9 /* Model */,
				40C595AA2BBCD86400689AE9 /* View */,
				40C595AB2BBCD89200689AE9 /* Controller */,
			);
			path = FoodInfo;
			sourceTree = "<group>";
		};
		40C595A72BBCD80C00689AE9 /* Model */ = {
			isa = PBXGroup;
			children = (
				40C595A82BBCD83600689AE9 /* FoodInfoModel.swift */,
			);
			path = Model;
			sourceTree = "<group>";
		};
		40C595AA2BBCD86400689AE9 /* View */ = {
			isa = PBXGroup;
			children = (
				40C595A32BBC959C00689AE9 /* FoodInfoView.swift */,
			);
			path = View;
			sourceTree = "<group>";
		};
		40C595AB2BBCD89200689AE9 /* Controller */ = {
			isa = PBXGroup;
			children = (
				40C595A52BBC95AB00689AE9 /* FoodInfoManager.swift */,
			);
			path = Controller;
			sourceTree = "<group>";
		};
		40C595AC2BBCD8D900689AE9 /* Model */ = {
			isa = PBXGroup;
			children = (
				40C595AF2BBCD91900689AE9 /* HomeModel.swift */,
			);
			path = Model;
			sourceTree = "<group>";
		};
		40C595AD2BBCD8E000689AE9 /* View */ = {
			isa = PBXGroup;
			children = (
				40A4C2B32BBBE80E0035D2F4 /* ActivityView.swift */,
				40A4C2B52BBBFFD40035D2F4 /* Nav.swift */,
				40A4C2B12BBBE2D50035D2F4 /* HomeVIew.swift */,
			);
			path = View;
			sourceTree = "<group>";
		};
		40C595AE2BBCD8E500689AE9 /* Controller */ = {
			isa = PBXGroup;
			children = (
				40A4C2B72BBC7A980035D2F4 /* HomeManager.swift */,
			);
			path = Controller;
			sourceTree = "<group>";
		};
/* End PBXGroup section */

/* Begin PBXNativeTarget section */
		40A4C29D2BBBE1CD0035D2F4 /* XetaAnalyticsAssignment */ = {
			isa = PBXNativeTarget;
			buildConfigurationList = 40A4C2AC2BBBE1CE0035D2F4 /* Build configuration list for PBXNativeTarget "XetaAnalyticsAssignment" */;
			buildPhases = (
				40A4C29A2BBBE1CD0035D2F4 /* Sources */,
				40A4C29B2BBBE1CD0035D2F4 /* Frameworks */,
				40A4C29C2BBBE1CD0035D2F4 /* Resources */,
			);
			buildRules = (
			);
			dependencies = (
			);
			name = XetaAnalyticsAssignment;
			productName = XetaAnalyticsAssignment;
			productReference = 40A4C29E2BBBE1CD0035D2F4 /* XetaAnalyticsAssignment.app */;
			productType = "com.apple.product-type.application";
		};
/* End PBXNativeTarget section */

/* Begin PBXProject section */
		40A4C2962BBBE1CD0035D2F4 /* Project object */ = {
			isa = PBXProject;
			attributes = {
				BuildIndependentTargetsInParallel = 1;
				LastSwiftUpdateCheck = 1530;
				LastUpgradeCheck = 1530;
				TargetAttributes = {
					40A4C29D2BBBE1CD0035D2F4 = {
						CreatedOnToolsVersion = 15.3;
					};
				};
			};
			buildConfigurationList = 40A4C2992BBBE1CD0035D2F4 /* Build configuration list for PBXProject "XetaAnalyticsAssignment" */;
			compatibilityVersion = "Xcode 14.0";
			developmentRegion = en;
			hasScannedForEncodings = 0;
			knownRegions = (
				en,
				Base,
			);
			mainGroup = 40A4C2952BBBE1CD0035D2F4;
			productRefGroup = 40A4C29F2BBBE1CD0035D2F4 /* Products */;
			projectDirPath = "";
			projectRoot = "";
			targets = (
				40A4C29D2BBBE1CD0035D2F4 /* XetaAnalyticsAssignment */,
			);
		};
/* End PBXProject section */

/* Begin PBXResourcesBuildPhase section */
		40A4C29C2BBBE1CD0035D2F4 /* Resources */ = {
			isa = PBXResourcesBuildPhase;
			buildActionMask = 2147483647;
			files = (
				40A4C2A92BBBE1CE0035D2F4 /* Preview Assets.xcassets in Resources */,
				40A4C2A62BBBE1CE0035D2F4 /* Assets.xcassets in Resources */,
			);
			runOnlyForDeploymentPostprocessing = 0;
		};
/* End PBXResourcesBuildPhase section */

/* Begin PBXSourcesBuildPhase section */
		40A4C29A2BBBE1CD0035D2F4 /* Sources */ = {
			isa = PBXSourcesBuildPhase;
			buildActionMask = 2147483647;
			files = (
				40C595A92BBCD83600689AE9 /* FoodInfoModel.swift in Sources */,
				40A4C2A42BBBE1CD0035D2F4 /* ContentView.swift in Sources */,
				40C595A42BBC959C00689AE9 /* FoodInfoView.swift in Sources */,
				40A4C2B42BBBE80E0035D2F4 /* ActivityView.swift in Sources */,
				40A4C2B62BBBFFD40035D2F4 /* Nav.swift in Sources */,
				40A4C2B22BBBE2D50035D2F4 /* HomeVIew.swift in Sources */,
				40A4C2B82BBC7A980035D2F4 /* HomeManager.swift in Sources */,
				40A4C2A22BBBE1CD0035D2F4 /* XetaAnalyticsAssignmentApp.swift in Sources */,
				40C595B02BBCD91900689AE9 /* HomeModel.swift in Sources */,
				40C595A62BBC95AB00689AE9 /* FoodInfoManager.swift in Sources */,
			);
			runOnlyForDeploymentPostprocessing = 0;
		};
/* End PBXSourcesBuildPhase section */

/* Begin XCBuildConfiguration section */
		40A4C2AA2BBBE1CE0035D2F4 /* Debug */ = {
			isa = XCBuildConfiguration;
			buildSettings = {
				ALWAYS_SEARCH_USER_PATHS = NO;
				ASSETCATALOG_COMPILER_GENERATE_SWIFT_ASSET_SYMBOL_EXTENSIONS = YES;
				CLANG_ANALYZER_NONNULL = YES;
				CLANG_ANALYZER_NUMBER_OBJECT_CONVERSION = YES_AGGRESSIVE;
				CLANG_CXX_LANGUAGE_STANDARD = "gnu++20";
				CLANG_ENABLE_MODULES = YES;
				CLANG_ENABLE_OBJC_ARC = YES;
				CLANG_ENABLE_OBJC_WEAK = YES;
				CLANG_WARN_BLOCK_CAPTURE_AUTORELEASING = YES;
				CLANG_WARN_BOOL_CONVERSION = YES;
				CLANG_WARN_COMMA = YES;
				CLANG_WARN_CONSTANT_CONVERSION = YES;
				CLANG_WARN_DEPRECATED_OBJC_IMPLEMENTATIONS = YES;
				CLANG_WARN_DIRECT_OBJC_ISA_USAGE = YES_ERROR;
				CLANG_WARN_DOCUMENTATION_COMMENTS = YES;
				CLANG_WARN_EMPTY_BODY = YES;
				CLANG_WARN_ENUM_CONVERSION = YES;
				CLANG_WARN_INFINITE_RECURSION = YES;
				CLANG_WARN_INT_CONVERSION = YES;
				CLANG_WARN_NON_LITERAL_NULL_CONVERSION = YES;
				CLANG_WARN_OBJC_IMPLICIT_RETAIN_SELF = YES;
				CLANG_WARN_OBJC_LITERAL_CONVERSION = YES;
				CLANG_WARN_OBJC_ROOT_CLASS = YES_ERROR;
				CLANG_WARN_QUOTED_INCLUDE_IN_FRAMEWORK_HEADER = YES;
				CLANG_WARN_RANGE_LOOP_ANALYSIS = YES;
				CLANG_WARN_STRICT_PROTOTYPES = YES;
				CLANG_WARN_SUSPICIOUS_MOVE = YES;
				CLANG_WARN_UNGUARDED_AVAILABILITY = YES_AGGRESSIVE;
				CLANG_WARN_UNREACHABLE_CODE = YES;
				CLANG_WARN__DUPLICATE_METHOD_MATCH = YES;
				COPY_PHASE_STRIP = NO;
				DEBUG_INFORMATION_FORMAT = dwarf;
				ENABLE_STRICT_OBJC_MSGSEND = YES;
				ENABLE_TESTABILITY = YES;
				ENABLE_USER_SCRIPT_SANDBOXING = YES;
				GCC_C_LANGUAGE_STANDARD = gnu17;
				GCC_DYNAMIC_NO_PIC = NO;
				GCC_NO_COMMON_BLOCKS = YES;
				GCC_OPTIMIZATION_LEVEL = 0;
				GCC_PREPROCESSOR_DEFINITIONS = (
					"DEBUG=1",
					"$(inherited)",
				);
				GCC_WARN_64_TO_32_BIT_CONVERSION = YES;
				GCC_WARN_ABOUT_RETURN_TYPE = YES_ERROR;
				GCC_WARN_UNDECLARED_SELECTOR = YES;
				GCC_WARN_UNINITIALIZED_AUTOS = YES_AGGRESSIVE;
				GCC_WARN_UNUSED_FUNCTION = YES;
				GCC_WARN_UNUSED_VARIABLE = YES;
				IPHONEOS_DEPLOYMENT_TARGET = 17.4;
				LOCALIZATION_PREFERS_STRING_CATALOGS = YES;
				MTL_ENABLE_DEBUG_INFO = INCLUDE_SOURCE;
				MTL_FAST_MATH = YES;
				ONLY_ACTIVE_ARCH = YES;
				SDKROOT = iphoneos;
				SWIFT_ACTIVE_COMPILATION_CONDITIONS = "DEBUG $(inherited)";
				SWIFT_OPTIMIZATION_LEVEL = "-Onone";
			};
			name = Debug;
		};
		40A4C2AB2BBBE1CE0035D2F4 /* Release */ = {
			isa = XCBuildConfiguration;
			buildSettings = {
				ALWAYS_SEARCH_USER_PATHS = NO;
				ASSETCATALOG_COMPILER_GENERATE_SWIFT_ASSET_SYMBOL_EXTENSIONS = YES;
				CLANG_ANALYZER_NONNULL = YES;
				CLANG_ANALYZER_NUMBER_OBJECT_CONVERSION = YES_AGGRESSIVE;
				CLANG_CXX_LANGUAGE_STANDARD = "gnu++20";
				CLANG_ENABLE_MODULES = YES;
				CLANG_ENABLE_OBJC_ARC = YES;
				CLANG_ENABLE_OBJC_WEAK = YES;
				CLANG_WARN_BLOCK_CAPTURE_AUTORELEASING = YES;
				CLANG_WARN_BOOL_CONVERSION = YES;
				CLANG_WARN_COMMA = YES;
				CLANG_WARN_CONSTANT_CONVERSION = YES;
				CLANG_WARN_DEPRECATED_OBJC_IMPLEMENTATIONS = YES;
				CLANG_WARN_DIRECT_OBJC_ISA_USAGE = YES_ERROR;
				CLANG_WARN_DOCUMENTATION_COMMENTS = YES;
				CLANG_WARN_EMPTY_BODY = YES;
				CLANG_WARN_ENUM_CONVERSION = YES;
				CLANG_WARN_INFINITE_RECURSION = YES;
				CLANG_WARN_INT_CONVERSION = YES;
				CLANG_WARN_NON_LITERAL_NULL_CONVERSION = YES;
				CLANG_WARN_OBJC_IMPLICIT_RETAIN_SELF = YES;
				CLANG_WARN_OBJC_LITERAL_CONVERSION = YES;
				CLANG_WARN_OBJC_ROOT_CLASS = YES_ERROR;
				CLANG_WARN_QUOTED_INCLUDE_IN_FRAMEWORK_HEADER = YES;
				CLANG_WARN_RANGE_LOOP_ANALYSIS = YES;
				CLANG_WARN_STRICT_PROTOTYPES = YES;
				CLANG_WARN_SUSPICIOUS_MOVE = YES;
				CLANG_WARN_UNGUARDED_AVAILABILITY = YES_AGGRESSIVE;
				CLANG_WARN_UNREACHABLE_CODE = YES;
				CLANG_WARN__DUPLICATE_METHOD_MATCH = YES;
				COPY_PHASE_STRIP = NO;
				DEBUG_INFORMATION_FORMAT = "dwarf-with-dsym";
				ENABLE_NS_ASSERTIONS = NO;
				ENABLE_STRICT_OBJC_MSGSEND = YES;
				ENABLE_USER_SCRIPT_SANDBOXING = YES;
				GCC_C_LANGUAGE_STANDARD = gnu17;
				GCC_NO_COMMON_BLOCKS = YES;
				GCC_WARN_64_TO_32_BIT_CONVERSION = YES;
				GCC_WARN_ABOUT_RETURN_TYPE = YES_ERROR;
				GCC_WARN_UNDECLARED_SELECTOR = YES;
				GCC_WARN_UNINITIALIZED_AUTOS = YES_AGGRESSIVE;
				GCC_WARN_UNUSED_FUNCTION = YES;
				GCC_WARN_UNUSED_VARIABLE = YES;
				IPHONEOS_DEPLOYMENT_TARGET = 17.4;
				LOCALIZATION_PREFERS_STRING_CATALOGS = YES;
				MTL_ENABLE_DEBUG_INFO = NO;
				MTL_FAST_MATH = YES;
				SDKROOT = iphoneos;
				SWIFT_COMPILATION_MODE = wholemodule;
				VALIDATE_PRODUCT = YES;
			};
			name = Release;
		};
		40A4C2AD2BBBE1CE0035D2F4 /* Debug */ = {
			isa = XCBuildConfiguration;
			buildSettings = {
				ASSETCATALOG_COMPILER_APPICON_NAME = AppIcon;
				ASSETCATALOG_COMPILER_GLOBAL_ACCENT_COLOR_NAME = AccentColor;
				CODE_SIGN_STYLE = Automatic;
				CURRENT_PROJECT_VERSION = 1;
				DEVELOPMENT_ASSET_PATHS = "\"XetaAnalyticsAssignment/Preview Content\"";
				DEVELOPMENT_TEAM = D5M38GX662;
				ENABLE_PREVIEWS = YES;
				GENERATE_INFOPLIST_FILE = YES;
				INFOPLIST_FILE = XetaAnalyticsAssignment/Info.plist;
				INFOPLIST_KEY_UIApplicationSceneManifest_Generation = YES;
				INFOPLIST_KEY_UIApplicationSupportsIndirectInputEvents = YES;
				INFOPLIST_KEY_UILaunchScreen_Generation = YES;
				INFOPLIST_KEY_UISupportedInterfaceOrientations_iPad = "UIInterfaceOrientationPortrait UIInterfaceOrientationPortraitUpsideDown UIInterfaceOrientationLandscapeLeft UIInterfaceOrientationLandscapeRight";
				INFOPLIST_KEY_UISupportedInterfaceOrientations_iPhone = "UIInterfaceOrientationPortrait UIInterfaceOrientationLandscapeLeft UIInterfaceOrientationLandscapeRight";
				LD_RUNPATH_SEARCH_PATHS = (
					"$(inherited)",
					"@executable_path/Frameworks",
				);
				MARKETING_VERSION = 1.0;
				PRODUCT_BUNDLE_IDENTIFIER = com.pravalgautam.XetaAnalyticsAssignment;
				PRODUCT_NAME = "$(TARGET_NAME)";
				SWIFT_EMIT_LOC_STRINGS = YES;
				SWIFT_VERSION = 5.0;
				TARGETED_DEVICE_FAMILY = "1,2";
			};
			name = Debug;
		};
		40A4C2AE2BBBE1CE0035D2F4 /* Release */ = {
			isa = XCBuildConfiguration;
			buildSettings = {
				ASSETCATALOG_COMPILER_APPICON_NAME = AppIcon;
				ASSETCATALOG_COMPILER_GLOBAL_ACCENT_COLOR_NAME = AccentColor;
				CODE_SIGN_STYLE = Automatic;
				CURRENT_PROJECT_VERSION = 1;
				DEVELOPMENT_ASSET_PATHS = "\"XetaAnalyticsAssignment/Preview Content\"";
				DEVELOPMENT_TEAM = D5M38GX662;
				ENABLE_PREVIEWS = YES;
				GENERATE_INFOPLIST_FILE = YES;
				INFOPLIST_FILE = XetaAnalyticsAssignment/Info.plist;
				INFOPLIST_KEY_UIApplicationSceneManifest_Generation = YES;
				INFOPLIST_KEY_UIApplicationSupportsIndirectInputEvents = YES;
				INFOPLIST_KEY_UILaunchScreen_Generation = YES;
				INFOPLIST_KEY_UISupportedInterfaceOrientations_iPad = "UIInterfaceOrientationPortrait UIInterfaceOrientationPortraitUpsideDown UIInterfaceOrientationLandscapeLeft UIInterfaceOrientationLandscapeRight";
				INFOPLIST_KEY_UISupportedInterfaceOrientations_iPhone = "UIInterfaceOrientationPortrait UIInterfaceOrientationLandscapeLeft UIInterfaceOrientationLandscapeRight";
				LD_RUNPATH_SEARCH_PATHS = (
					"$(inherited)",
					"@executable_path/Frameworks",
				);
				MARKETING_VERSION = 1.0;
				PRODUCT_BUNDLE_IDENTIFIER = com.pravalgautam.XetaAnalyticsAssignment;
				PRODUCT_NAME = "$(TARGET_NAME)";
				SWIFT_EMIT_LOC_STRINGS = YES;
				SWIFT_VERSION = 5.0;
				TARGETED_DEVICE_FAMILY = "1,2";
			};
			name = Release;
		};
/* End XCBuildConfiguration section */

/* Begin XCConfigurationList section */
		40A4C2992BBBE1CD0035D2F4 /* Build configuration list for PBXProject "XetaAnalyticsAssignment" */ = {
			isa = XCConfigurationList;
			buildConfigurations = (
				40A4C2AA2BBBE1CE0035D2F4 /* Debug */,
				40A4C2AB2BBBE1CE0035D2F4 /* Release */,
			);
			defaultConfigurationIsVisible = 0;
			defaultConfigurationName = Release;
		};
		40A4C2AC2BBBE1CE0035D2F4 /* Build configuration list for PBXNativeTarget "XetaAnalyticsAssignment" */ = {
			isa = XCConfigurationList;
			buildConfigurations = (
				40A4C2AD2BBBE1CE0035D2F4 /* Debug */,
				40A4C2AE2BBBE1CE0035D2F4 /* Release */,
			);
			defaultConfigurationIsVisible = 0;
			defaultConfigurationName = Release;
		};
/* End XCConfigurationList section */
	};
	rootObject = 40A4C2962BBBE1CD0035D2F4 /* Project object */;
}
